
Microsoft Visual Studio Solution File, Format Version 12.00
# Visual Studio 15
VisualStudioVersion = 15.0.28307.421
MinimumVisualStudioVersion = 10.0.40219.1
Project("{FAE04EC0-301F-11D3-BF4B-00C04F79EFBC}") = "App01_ConsultarCEP.Android", "App01_ConsultarCEP\App01_ConsultarCEP.Android\App01_ConsultarCEP.Android.csproj", "{AB6C1C19-E488-4E2D-8E71-D5B4454CE281}"
EndProject
Project("{FAE04EC0-301F-11D3-BF4B-00C04F79EFBC}") = "App01_ConsultarCEP.iOS", "App01_ConsultarCEP\App01_ConsultarCEP.iOS\App01_ConsultarCEP.iOS.csproj", "{628B7CFF-673D-4AF9-A53C-3D94116F6B7E}"
EndProject
Project("{9A19103F-16F7-4668-BE54-9A1E7A4F7556}") = "App01_ConsultarCEP", "App01_ConsultarCEP\App01_ConsultarCEP\App01_ConsultarCEP.csproj", "{0F527A67-72D3-4584-8E6D-1DE02B49E4A4}"
EndProject
Global
	GlobalSection(SolutionConfigurationPlatforms) = preSolution
		Ad-Hoc|Any CPU = Ad-Hoc|Any CPU
		Ad-Hoc|iPhone = Ad-Hoc|iPhone
		Ad-Hoc|iPhoneSimulator = Ad-Hoc|iPhoneSimulator
		AppStore|Any CPU = AppStore|Any CPU
		AppStore|iPhone = AppStore|iPhone
		AppStore|iPhoneSimulator = AppStore|iPhoneSimulator
		Debug|Any CPU = Debug|Any CPU
		Debug|iPhone = Debug|iPhone
		Debug|iPhoneSimulator = Debug|iPhoneSimulator
		Release|Any CPU = Release|Any CPU
		Release|iPhone = Release|iPhone
		Release|iPhoneSimulator = Release|iPhoneSimulator
	EndGlobalSection
	GlobalSection(ProjectConfigurationPlatforms) = postSolution
		{AB6C1C19-E488-4E2D-8E71-D5B4454CE281}.Ad-Hoc|Any CPU.ActiveCfg = Release|Any CPU
		{AB6C1C19-E488-4E2D-8E71-D5B4454CE281}.Ad-Hoc|Any CPU.Build.0 = Release|Any CPU
		{AB6C1C19-E488-4E2D-8E71-D5B4454CE281}.Ad-Hoc|Any CPU.Deploy.0 = Release|Any CPU
		{AB6C1C19-E488-4E2D-8E71-D5B4454CE281}.Ad-Hoc|iPhone.ActiveCfg = Release|Any CPU
		{AB6C1C19-E488-4E2D-8E71-D5B4454CE281}.Ad-Hoc|iPhone.Build.0 = Release|Any CPU
		{AB6C1C19-E488-4E2D-8E71-D5B4454CE281}.Ad-Hoc|iPhone.Deploy.0 = Release|Any CPU
		{AB6C1C19-E488-4E2D-8E71-D5B4454CE281}.Ad-Hoc|iPhoneSimulator.ActiveCfg = Release|Any CPU
		{AB6C1C19-E488-4E2D-8E71-D5B4454CE281}.Ad-Hoc|iPhoneSimulator.Build.0 = Release|Any CPU
		{AB6C1C19-E488-4E2D-8E71-D5B4454CE281}.Ad-Hoc|iPhoneSimulator.Deploy.0 = Release|Any CPU
		{AB6C1C19-E488-4E2D-8E71-D5B4454CE281}.AppStore|Any CPU.ActiveCfg = Release|Any CPU
		{AB6C1C19-E488-4E2D-8E71-D5B4454CE281}.AppStore|Any CPU.Build.0 = Release|Any CPU
		{AB6C1C19-E488-4E2D-8E71-D5B4454CE281}.AppStore|Any CPU.Deploy.0 = Release|Any CPU
		{AB6C1C19-E488-4E2D-8E71-D5B4454CE281}.AppStore|iPhone.ActiveCfg = Release|Any CPU
		{AB6C1C19-E488-4E2D-8E71-D5B4454CE281}.AppStore|iPhone.Build.0 = Release|Any CPU
		{AB6C1C19-E488-4E2D-8E71-D5B4454CE281}.AppStore|iPhone.Deploy.0 = Release|Any CPU
		{AB6C1C19-E488-4E2D-8E71-D5B4454CE281}.AppStore|iPhoneSimulator.ActiveCfg = Release|Any CPU
		{AB6C1C19-E488-4E2D-8E71-D5B4454CE281}.AppStore|iPhoneSimulator.Build.0 = Release|Any CPU
		{AB6C1C19-E488-4E2D-8E71-D5B4454CE281}.AppStore|iPhoneSimulator.Deploy.0 = Release|Any CPU
		{AB6C1C19-E488-4E2D-8E71-D5B4454CE281}.Debug|Any CPU.ActiveCfg = Debug|Any CPU
		{AB6C1C19-E488-4E2D-8E71-D5B4454CE281}.Debug|Any CPU.Build.0 = Debug|Any CPU
		{AB6C1C19-E488-4E2D-8E71-D5B4454CE281}.Debug|Any CPU.Deploy.0 = Debug|Any CPU
		{AB6C1C19-E488-4E2D-8E71-D5B4454CE281}.Debug|iPhone.ActiveCfg = Debug|Any CPU
		{AB6C1C19-E488-4E2D-8E71-D5B4454CE281}.Debug|iPhone.Build.0 = Debug|Any CPU
		{AB6C1C19-E488-4E2D-8E71-D5B4454CE281}.Debug|iPhone.Deploy.0 = Debug|Any CPU
		{AB6C1C19-E488-4E2D-8E71-D5B4454CE281}.Debug|iPhoneSimulator.ActiveCfg = Debug|Any CPU
		{AB6C1C19-E488-4E2D-8E71-D5B4454CE281}.Debug|iPhoneSimulator.Build.0 = Debug|Any CPU
		{AB6C1C19-E488-4E2D-8E71-D5B4454CE281}.Debug|iPhoneSimulator.Deploy.0 = Debug|Any CPU
		{AB6C1C19-E488-4E2D-8E71-D5B4454CE281}.Release|Any CPU.ActiveCfg = Release|Any CPU
		{AB6C1C19-E488-4E2D-8E71-D5B4454CE281}.Release|Any CPU.Build.0 = Release|Any CPU
		{AB6C1C19-E488-4E2D-8E71-D5B4454CE281}.Release|Any CPU.Deploy.0 = Release|Any CPU
		{AB6C1C19-E488-4E2D-8E71-D5B4454CE281}.Release|iPhone.ActiveCfg = Release|Any CPU
		{AB6C1C19-E488-4E2D-8E71-D5B4454CE281}.Release|iPhone.Build.0 = Release|Any CPU
		{AB6C1C19-E488-4E2D-8E71-D5B4454CE281}.Release|iPhone.Deploy.0 = Release|Any CPU
		{AB6C1C19-E488-4E2D-8E71-D5B4454CE281}.Release|iPhoneSimulator.ActiveCfg = Release|Any CPU
		{AB6C1C19-E488-4E2D-8E71-D5B4454CE281}.Release|iPhoneSimulator.Build.0 = Release|Any CPU
		{AB6C1C19-E488-4E2D-8E71-D5B4454CE281}.Release|iPhoneSimulator.Deploy.0 = Release|Any CPU
		{628B7CFF-673D-4AF9-A53C-3D94116F6B7E}.Ad-Hoc|Any CPU.ActiveCfg = Ad-Hoc|iPhone
		{628B7CFF-673D-4AF9-A53C-3D94116F6B7E}.Ad-Hoc|Any CPU.Build.0 = Ad-Hoc|iPhone
		{628B7CFF-673D-4AF9-A53C-3D94116F6B7E}.Ad-Hoc|Any CPU.Deploy.0 = Ad-Hoc|iPhone
		{628B7CFF-673D-4AF9-A53C-3D94116F6B7E}.Ad-Hoc|iPhone.ActiveCfg = Ad-Hoc|iPhone
		{628B7CFF-673D-4AF9-A53C-3D94116F6B7E}.Ad-Hoc|iPhone.Build.0 = Ad-Hoc|iPhone
		{628B7CFF-673D-4AF9-A53C-3D94116F6B7E}.Ad-Hoc|iPhone.Deploy.0 = Ad-Hoc|iPhone
		{628B7CFF-673D-4AF9-A53C-3D94116F6B7E}.Ad-Hoc|iPhoneSimulator.ActiveCfg = Ad-Hoc|iPhoneSimulator
		{628B7CFF-673D-4AF9-A53C-3D94116F6B7E}.Ad-Hoc|iPhoneSimulator.Build.0 = Ad-Hoc|iPhoneSimulator
		{628B7CFF-673D-4AF9-A53C-3D94116F6B7E}.Ad-Hoc|iPhoneSimulator.Deploy.0 = Ad-Hoc|iPhoneSimulator
		{628B7CFF-673D-4AF9-A53C-3D94116F6B7E}.AppStore|Any CPU.ActiveCfg = AppStore|iPhone
		{628B7CFF-673D-4AF9-A53C-3D94116F6B7E}.AppStore|Any CPU.Build.0 = AppStore|iPhone
		{628B7CFF-673D-4AF9-A53C-3D94116F6B7E}.AppStore|Any CPU.Deploy.0 = AppStore|iPhone
		{628B7CFF-673D-4AF9-A53C-3D94116F6B7E}.AppStore|iPhone.ActiveCfg = AppStore|iPhone
		{628B7CFF-673D-4AF9-A53C-3D94116F6B7E}.AppStore|iPhone.Build.0 = AppStore|iPhone
		{628B7CFF-673D-4AF9-A53C-3D94116F6B7E}.AppStore|iPhone.Deploy.0 = AppStore|iPhone
		{628B7CFF-673D-4AF9-A53C-3D94116F6B7E}.AppStore|iPhoneSimulator.ActiveCfg = AppStore|iPhoneSimulator
		{628B7CFF-673D-4AF9-A53C-3D94116F6B7E}.AppStore|iPhoneSimulator.Build.0 = AppStore|iPhoneSimulator
		{628B7CFF-673D-4AF9-A53C-3D94116F6B7E}.AppStore|iPhoneSimulator.Deploy.0 = AppStore|iPhoneSimulator
		{628B7CFF-673D-4AF9-A53C-3D94116F6B7E}.Debug|Any CPU.ActiveCfg = Debug|iPhoneSimulator
		{628B7CFF-673D-4AF9-A53C-3D94116F6B7E}.Debug|Any CPU.Build.0 = Debug|iPhoneSimulator
		{628B7CFF-673D-4AF9-A53C-3D94116F6B7E}.Debug|Any CPU.Deploy.0 = Debug|iPhoneSimulator
		{628B7CFF-673D-4AF9-A53C-3D94116F6B7E}.Debug|iPhone.ActiveCfg = Debug|iPhone
		{628B7CFF-673D-4AF9-A53C-3D94116F6B7E}.Debug|iPhone.Build.0 = Debug|iPhone
		{628B7CFF-673D-4AF9-A53C-3D94116F6B7E}.Debug|iPhone.Deploy.0 = Debug|iPhone
		{628B7CFF-673D-4AF9-A53C-3D94116F6B7E}.Debug|iPhoneSimulator.ActiveCfg = Debug|iPhoneSimulator
		{628B7CFF-673D-4AF9-A53C-3D94116F6B7E}.Debug|iPhoneSimulator.Build.0 = Debug|iPhoneSimulator
		{628B7CFF-673D-4AF9-A53C-3D94116F6B7E}.Debug|iPhoneSimulator.Deploy.0 = Debug|iPhoneSimulator
		{628B7CFF-673D-4AF9-A53C-3D94116F6B7E}.Release|Any CPU.ActiveCfg = Release|iPhone
		{628B7CFF-673D-4AF9-A53C-3D94116F6B7E}.Release|Any CPU.Build.0 = Release|iPhone
		{628B7CFF-673D-4AF9-A53C-3D94116F6B7E}.Release|Any CPU.Deploy.0 = Release|iPhone
		{628B7CFF-673D-4AF9-A53C-3D94116F6B7E}.Release|iPhone.ActiveCfg = Release|iPhone
		{628B7CFF-673D-4AF9-A53C-3D94116F6B7E}.Release|iPhone.Build.0 = Release|iPhone
		{628B7CFF-673D-4AF9-A53C-3D94116F6B7E}.Release|iPhone.Deploy.0 = Release|iPhone
		{628B7CFF-673D-4AF9-A53C-3D94116F6B7E}.Release|iPhoneSimulator.ActiveCfg = Release|iPhoneSimulator
		{628B7CFF-673D-4AF9-A53C-3D94116F6B7E}.Release|iPhoneSimulator.Build.0 = Release|iPhoneSimulator
		{628B7CFF-673D-4AF9-A53C-3D94116F6B7E}.Release|iPhoneSimulator.Deploy.0 = Release|iPhoneSimulator
		{0F527A67-72D3-4584-8E6D-1DE02B49E4A4}.Ad-Hoc|Any CPU.ActiveCfg = Debug|Any CPU
		{0F527A67-72D3-4584-8E6D-1DE02B49E4A4}.Ad-Hoc|Any CPU.Build.0 = Debug|Any CPU
		{0F527A67-72D3-4584-8E6D-1DE02B49E4A4}.Ad-Hoc|Any CPU.Deploy.0 = Debug|Any CPU
		{0F527A67-72D3-4584-8E6D-1DE02B49E4A4}.Ad-Hoc|iPhone.ActiveCfg = Debug|Any CPU
		{0F527A67-72D3-4584-8E6D-1DE02B49E4A4}.Ad-Hoc|iPhone.Build.0 = Debug|Any CPU
		{0F527A67-72D3-4584-8E6D-1DE02B49E4A4}.Ad-Hoc|iPhone.Deploy.0 = Debug|Any CPU
		{0F527A67-72D3-4584-8E6D-1DE02B49E4A4}.Ad-Hoc|iPhoneSimulator.ActiveCfg = Debug|Any CPU
		{0F527A67-72D3-4584-8E6D-1DE02B49E4A4}.Ad-Hoc|iPhoneSimulator.Build.0 = Debug|Any CPU
		{0F527A67-72D3-4584-8E6D-1DE02B49E4A4}.Ad-Hoc|iPhoneSimulator.Deploy.0 = Debug|Any CPU
		{0F527A67-72D3-4584-8E6D-1DE02B49E4A4}.AppStore|Any CPU.ActiveCfg = Debug|Any CPU
		{0F527A67-72D3-4584-8E6D-1DE02B49E4A4}.AppStore|Any CPU.Build.0 = Debug|Any CPU
		{0F527A67-72D3-4584-8E6D-1DE02B49E4A4}.AppStore|Any CPU.Deploy.0 = Debug|Any CPU
		{0F527A67-72D3-4584-8E6D-1DE02B49E4A4}.AppStore|iPhone.ActiveCfg = Debug|Any CPU
		{0F527A67-72D3-4584-8E6D-1DE02B49E4A4}.AppStore|iPhone.Build.0 = Debug|Any CPU
		{0F527A67-72D3-4584-8E6D-1DE02B49E4A4}.AppStore|iPhone.Deploy.0 = Debug|Any CPU
		{0F527A67-72D3-4584-8E6D-1DE02B49E4A4}.AppStore|iPhoneSimulator.ActiveCfg = Debug|Any CPU
		{0F527A67-72D3-4584-8E6D-1DE02B49E4A4}.AppStore|iPhoneSimulator.Build.0 = Debug|Any CPU
		{0F527A67-72D3-4584-8E6D-1DE02B49E4A4}.AppStore|iPhoneSimulator.Deploy.0 = Debug|Any CPU
		{0F527A67-72D3-4584-8E6D-1DE02B49E4A4}.Debug|Any CPU.ActiveCfg = Debug|Any CPU
		{0F527A67-72D3-4584-8E6D-1DE02B49E4A4}.Debug|Any CPU.Build.0 = Debug|Any CPU
		{0F527A67-72D3-4584-8E6D-1DE02B49E4A4}.Debug|Any CPU.Deploy.0 = Debug|Any CPU
		{0F527A67-72D3-4584-8E6D-1DE02B49E4A4}.Debug|iPhone.ActiveCfg = Debug|Any CPU
		{0F527A67-72D3-4584-8E6D-1DE02B49E4A4}.Debug|iPhone.Build.0 = Debug|Any CPU
		{0F527A67-72D3-4584-8E6D-1DE02B49E4A4}.Debug|iPhone.Deploy.0 = Debug|Any CPU
		{0F527A67-72D3-4584-8E6D-1DE02B49E4A4}.Debug|iPhoneSimulator.ActiveCfg = Debug|Any CPU
		{0F527A67-72D3-4584-8E6D-1DE02B49E4A4}.Debug|iPhoneSimulator.Build.0 = Debug|Any CPU
		{0F527A67-72D3-4584-8E6D-1DE02B49E4A4}.Debug|iPhoneSimulator.Deploy.0 = Debug|Any CPU
		{0F527A67-72D3-4584-8E6D-1DE02B49E4A4}.Release|Any CPU.ActiveCfg = Release|Any CPU
		{0F527A67-72D3-4584-8E6D-1DE02B49E4A4}.Release|Any CPU.Build.0 = Release|Any CPU
		{0F527A67-72D3-4584-8E6D-1DE02B49E4A4}.Release|Any CPU.Deploy.0 = Release|Any CPU
		{0F527A67-72D3-4584-8E6D-1DE02B49E4A4}.Release|iPhone.ActiveCfg = Release|Any CPU
		{0F527A67-72D3-4584-8E6D-1DE02B49E4A4}.Release|iPhone.Build.0 = Release|Any CPU
		{0F527A67-72D3-4584-8E6D-1DE02B49E4A4}.Release|iPhone.Deploy.0 = Release|Any CPU
		{0F527A67-72D3-4584-8E6D-1DE02B49E4A4}.Release|iPhoneSimulator.ActiveCfg = Release|Any CPU
		{0F527A67-72D3-4584-8E6D-1DE02B49E4A4}.Release|iPhoneSimulator.Build.0 = Release|Any CPU
		{0F527A67-72D3-4584-8E6D-1DE02B49E4A4}.Release|iPhoneSimulator.Deploy.0 = Release|Any CPU
	EndGlobalSection
	GlobalSection(SolutionProperties) = preSolution
		HideSolutionNode = FALSE
	EndGlobalSection
	GlobalSection(ExtensibilityGlobals) = postSolution
		SolutionGuid = {CFA47E0E-A9BD-47D9-B6B4-FC770A61A9A2}
	EndGlobalSection
EndGlobal
